
Microsoft Visual Studio Solution File, Format Version 12.00
# Visual Studio Version 17
VisualStudioVersion = 17.9.34728.123
MinimumVisualStudioVersion = 10.0.40219.1
Project("{9A19103F-16F7-4668-BE54-9A1E7A4F7556}") = "EventHub.API", "EventHub.API\EventHub.API.csproj", "{73FC84B5-8096-4B27-AB94-2BEA4636A8CA}"
EndProject
Project("{9A19103F-16F7-4668-BE54-9A1E7A4F7556}") = "EventHub.Application", "EventHub.Application\EventHub.Application.csproj", "{B1397A76-F4F8-4A15-B429-C51DA5FC554B}"
EndProject
Project("{9A19103F-16F7-4668-BE54-9A1E7A4F7556}") = "EventHub.Communication", "EventHub.Communication\EventHub.Communication.csproj", "{96F85354-C6F8-4869-A095-943C3248B3F3}"
EndProject
Project("{9A19103F-16F7-4668-BE54-9A1E7A4F7556}") = "EventHub.Exceptions", "EventHub.Exceptions\EventHub.Exceptions.csproj", "{E1C39399-FE8D-46E5-8300-E7BAFB05883C}"
EndProject
Project("{9A19103F-16F7-4668-BE54-9A1E7A4F7556}") = "EventHub.Infrastructure", "EventHub.Infrastructure\EventHub.Infrastructure.csproj", "{C9A8D671-7E78-4D93-8478-351CC0E25D23}"
EndProject
Global
	GlobalSection(SolutionConfigurationPlatforms) = preSolution
		Debug|Any CPU = Debug|Any CPU
		Release|Any CPU = Release|Any CPU
	EndGlobalSection
	GlobalSection(ProjectConfigurationPlatforms) = postSolution
		{73FC84B5-8096-4B27-AB94-2BEA4636A8CA}.Debug|Any CPU.ActiveCfg = Debug|Any CPU
		{73FC84B5-8096-4B27-AB94-2BEA4636A8CA}.Debug|Any CPU.Build.0 = Debug|Any CPU
		{73FC84B5-8096-4B27-AB94-2BEA4636A8CA}.Release|Any CPU.ActiveCfg = Release|Any CPU
		{73FC84B5-8096-4B27-AB94-2BEA4636A8CA}.Release|Any CPU.Build.0 = Release|Any CPU
		{B1397A76-F4F8-4A15-B429-C51DA5FC554B}.Debug|Any CPU.ActiveCfg = Debug|Any CPU
		{B1397A76-F4F8-4A15-B429-C51DA5FC554B}.Debug|Any CPU.Build.0 = Debug|Any CPU
		{B1397A76-F4F8-4A15-B429-C51DA5FC554B}.Release|Any CPU.ActiveCfg = Release|Any CPU
		{B1397A76-F4F8-4A15-B429-C51DA5FC554B}.Release|Any CPU.Build.0 = Release|Any CPU
		{96F85354-C6F8-4869-A095-943C3248B3F3}.Debug|Any CPU.ActiveCfg = Debug|Any CPU
		{96F85354-C6F8-4869-A095-943C3248B3F3}.Debug|Any CPU.Build.0 = Debug|Any CPU
		{96F85354-C6F8-4869-A095-943C3248B3F3}.Release|Any CPU.ActiveCfg = Release|Any CPU
		{96F85354-C6F8-4869-A095-943C3248B3F3}.Release|Any CPU.Build.0 = Release|Any CPU
		{E1C39399-FE8D-46E5-8300-E7BAFB05883C}.Debug|Any CPU.ActiveCfg = Debug|Any CPU
		{E1C39399-FE8D-46E5-8300-E7BAFB05883C}.Debug|Any CPU.Build.0 = Debug|Any CPU
		{E1C39399-FE8D-46E5-8300-E7BAFB05883C}.Release|Any CPU.ActiveCfg = Release|Any CPU
		{E1C39399-FE8D-46E5-8300-E7BAFB05883C}.Release|Any CPU.Build.0 = Release|Any CPU
		{C9A8D671-7E78-4D93-8478-351CC0E25D23}.Debug|Any CPU.ActiveCfg = Debug|Any CPU
		{C9A8D671-7E78-4D93-8478-351CC0E25D23}.Debug|Any CPU.Build.0 = Debug|Any CPU
		{C9A8D671-7E78-4D93-8478-351CC0E25D23}.Release|Any CPU.ActiveCfg = Release|Any CPU
		{C9A8D671-7E78-4D93-8478-351CC0E25D23}.Release|Any CPU.Build.0 = Release|Any CPU
	EndGlobalSection
	GlobalSection(SolutionProperties) = preSolution
		HideSolutionNode = FALSE
	EndGlobalSection
	GlobalSection(ExtensibilityGlobals) = postSolution
		SolutionGuid = {C7203C7E-6391-42E1-81C4-317A4B07BD98}
	EndGlobalSection
EndGlobal
